<?xml version="1.0" encoding="utf-8"?>
<Project ToolsVersion="4.0" xmlns="http://schemas.microsoft.com/developer/msbuild/2003">
  <ItemGroup>
    <Filter Include="source">
      <UniqueIdentifier>{4FC737F1-C7A5-4376-A066-2A32D752A2FF}</UniqueIdentifier>
      <Extensions>cpp;c;cxx;def;odl;idl;hpj;bat;asm;asmx</Extensions>
    </Filter>
    <Filter Include="source\Components">
      <UniqueIdentifier>{cdaae1f5-b3c0-4605-bc6e-32f1b41834a3}</UniqueIdentifier>
    </Filter>
    <Filter Include="source\Arduboy">
      <UniqueIdentifier>{9dff8533-c428-4b61-8f1d-8c84e930ce0e}</UniqueIdentifier>
    </Filter>
    <Filter Include="source\html5">
      <UniqueIdentifier>{655a3028-5d32-4ae3-bf8a-4d4b31400757}</UniqueIdentifier>
    </Filter>
    <Filter Include="shared">
      <UniqueIdentifier>{8b301868-6c00-45bd-8309-0e2551d37fd9}</UniqueIdentifier>
    </Filter>
    <Filter Include="shared\win">
      <UniqueIdentifier>{5db94b94-3703-468c-afd1-31676e147501}</UniqueIdentifier>
    </Filter>
    <Filter Include="shared\util">
      <UniqueIdentifier>{d4faa4d0-551c-4827-9a7a-82d692835693}</UniqueIdentifier>
    </Filter>
    <Filter Include="shared\util\Boost">
      <UniqueIdentifier>{dad0b127-9e90-4f15-9500-606144c6adfc}</UniqueIdentifier>
    </Filter>
    <Filter Include="shared\iOS">
      <UniqueIdentifier>{abe0d5f8-0c0b-4eae-b0a3-fa8ed66a545d}</UniqueIdentifier>
    </Filter>
    <Filter Include="shared\iOS\App">
      <UniqueIdentifier>{f439ca49-8e96-4da0-bdee-dbfdf88f379e}</UniqueIdentifier>
    </Filter>
    <Filter Include="shared\Manager">
      <UniqueIdentifier>{362963ef-0966-4695-97c6-c8111f34b695}</UniqueIdentifier>
    </Filter>
    <Filter Include="shared\Renderer">
      <UniqueIdentifier>{8d9c525a-7b95-4481-a274-66506a000a15}</UniqueIdentifier>
    </Filter>
    <Filter Include="shared\GUI">
      <UniqueIdentifier>{26a0db36-99c3-4a71-aca8-780b32312ba3}</UniqueIdentifier>
    </Filter>
    <Filter Include="shared\Entity">
      <UniqueIdentifier>{9a149017-65c2-4ea1-9a84-18709afcdd2c}</UniqueIdentifier>
    </Filter>
    <Filter Include="shared\Entity\Component">
      <UniqueIdentifier>{fe418b8d-0902-4767-9722-84a6c7e00e53}</UniqueIdentifier>
    </Filter>
    <Filter Include="shared\ClanLib">
      <UniqueIdentifier>{8068c047-46d7-4da5-b92c-c858eb64b557}</UniqueIdentifier>
    </Filter>
    <Filter Include="shared\ClanLib\Core">
      <UniqueIdentifier>{b632129a-afe3-49ce-940b-df0e41630eae}</UniqueIdentifier>
    </Filter>
    <Filter Include="shared\ClanLib\Core\Math">
      <UniqueIdentifier>{22bcb52c-b396-4785-8740-28af9e5f1538}</UniqueIdentifier>
    </Filter>
    <Filter Include="shared\ClanLib\Math">
      <UniqueIdentifier>{b195e5ca-07d6-48e5-b514-2b7bc838597a}</UniqueIdentifier>
    </Filter>
    <Filter Include="shared\Audio">
      <UniqueIdentifier>{c1f41b4f-000f-4e15-a6d9-18cbcb8971f4}</UniqueIdentifier>
    </Filter>
    <Filter Include="shared\Math">
      <UniqueIdentifier>{6d820cfe-bd23-4d44-b1ed-c13848e54abc}</UniqueIdentifier>
    </Filter>
    <Filter Include="shared\WebOS">
      <UniqueIdentifier>{7c4eff38-6357-48f3-a8e1-6281bc1a7a5b}</UniqueIdentifier>
    </Filter>
    <Filter Include="shared\android">
      <UniqueIdentifier>{5d1f0b45-0d3b-4c11-a294-73fa6c214128}</UniqueIdentifier>
    </Filter>
    <Filter Include="shared\android\v2_src">
      <UniqueIdentifier>{8f2cad4f-80cb-4b6b-9094-fe78324c9c5a}</UniqueIdentifier>
    </Filter>
    <Filter Include="shared\android\v2_src\java">
      <UniqueIdentifier>{8404ac9f-7812-437e-b223-cbf41f191a9a}</UniqueIdentifier>
    </Filter>
    <Filter Include="shared\android\v2_src\java\util">
      <UniqueIdentifier>{b74fe75d-3ce6-4172-91c5-ab3f38fa8e60}</UniqueIdentifier>
    </Filter>
    <Filter Include="shared\FileSystem">
      <UniqueIdentifier>{17069162-61bc-442c-926d-0c69cb80b3f3}</UniqueIdentifier>
    </Filter>
    <Filter Include="shared\OSX">
      <UniqueIdentifier>{48f14b10-6576-4e4f-8aab-8379d9af371b}</UniqueIdentifier>
    </Filter>
    <Filter Include="shared\OSX\app">
      <UniqueIdentifier>{cf32a6ee-9d50-4b6e-8d51-aad09e46b6cd}</UniqueIdentifier>
    </Filter>
    <Filter Include="shared\bbx">
      <UniqueIdentifier>{1f2ac2a0-0d26-4e60-857f-1c0716f0b874}</UniqueIdentifier>
    </Filter>
    <Filter Include="shared\flash">
      <UniqueIdentifier>{d7b0aba2-6a6d-4c01-9875-1a36f0adc1d6}</UniqueIdentifier>
    </Filter>
    <Filter Include="shared\flash\app">
      <UniqueIdentifier>{13005443-f443-4cf5-8456-5d1ff70278ec}</UniqueIdentifier>
    </Filter>
    <Filter Include="shared\flash\app\cpp">
      <UniqueIdentifier>{3640ffe5-dbae-4fdb-9a37-6d1b9cd2d5e8}</UniqueIdentifier>
    </Filter>
    <Filter Include="shared\flash\app\flash">
      <UniqueIdentifier>{1dcb5d3e-bf4d-4ecb-9339-6250614ffa74}</UniqueIdentifier>
    </Filter>
    <Filter Include="shared\flash\app\flash\rtsoft">
      <UniqueIdentifier>{e9418f29-c66d-4e90-aafc-c8ebf3608055}</UniqueIdentifier>
    </Filter>
    <Filter Include="shared\html5">
      <UniqueIdentifier>{d2a7fc65-3c4c-4024-8a2b-e261b9aa21df}</UniqueIdentifier>
    </Filter>
    <Filter Include="shared\Network">
      <UniqueIdentifier>{758c2ab6-dd06-4f50-9d56-cb7ed5c70c44}</UniqueIdentifier>
    </Filter>
    <Filter Include="shared\Arduboy">
      <UniqueIdentifier>{a0240d07-eb81-4a86-b8d7-cb3527528ffa}</UniqueIdentifier>
    </Filter>
    <Filter Include="shared\Arduboy\core">
      <UniqueIdentifier>{6a6e592a-b24b-4124-858e-3fa4b8783173}</UniqueIdentifier>
    </Filter>
    <Filter Include="shared\Arduboy\audio">
      <UniqueIdentifier>{592da142-d7f7-4f2a-b446-f378f1b37b5a}</UniqueIdentifier>
    </Filter>
  </ItemGroup>
  <ItemGroup>
    <ClCompile Include="..\source\App.cpp">
      <Filter>source</Filter>
    </ClCompile>
    <ClCompile Include="..\..\shared\win\app\main.cpp">
      <Filter>source</Filter>
    </ClCompile>
    <ClCompile Include="..\Arduboy\ardu_main.cpp">
      <Filter>source\Arduboy</Filter>
    </ClCompile>
    <ClCompile Include="..\Arduboy\breakout_bitmaps.cpp">
      <Filter>source\Arduboy</Filter>
    </ClCompile>
    <ClCompile Include="..\..\shared\BaseApp.cpp">
      <Filter>shared</Filter>
    </ClCompile>
    <ClCompile Include="..\..\shared\PlatformPrecomp.cpp">
      <Filter>shared</Filter>
    </ClCompile>
    <ClCompile Include="..\..\shared\PlatformSetup.cpp">
      <Filter>shared</Filter>
    </ClCompile>
    <ClCompile Include="..\..\shared\win\MemMgr.cpp">
      <Filter>shared\win</Filter>
    </ClCompile>
    <ClCompile Include="..\..\shared\win\WinUtils.cpp">
      <Filter>shared\win</Filter>
    </ClCompile>
    <ClCompile Include="..\..\shared\util\CRandom.cpp">
      <Filter>shared\util</Filter>
    </ClCompile>
    <ClCompile Include="..\..\shared\util\GLESUtils.cpp">
      <Filter>shared\util</Filter>
    </ClCompile>
    <ClCompile Include="..\..\shared\util\MathUtils.cpp">
      <Filter>shared\util</Filter>
    </ClCompile>
    <ClCompile Include="..\..\shared\util\MiscUtils.cpp">
      <Filter>shared\util</Filter>
    </ClCompile>
    <ClCompile Include="..\..\shared\util\RenderUtils.cpp">
      <Filter>shared\util</Filter>
    </ClCompile>
    <ClCompile Include="..\..\shared\util\ResourceUtils.cpp">
      <Filter>shared\util</Filter>
    </ClCompile>
    <ClCompile Include="..\..\shared\util\TextScanner.cpp">
      <Filter>shared\util</Filter>
    </ClCompile>
    <ClCompile Include="..\..\shared\util\Variant.cpp">
      <Filter>shared\util</Filter>
    </ClCompile>
    <ClCompile Include="..\..\shared\util\boost\libs\signals\src\connection.cpp">
      <Filter>shared\util\Boost</Filter>
    </ClCompile>
    <ClCompile Include="..\..\shared\util\boost\libs\signals\src\named_slot_map.cpp">
      <Filter>shared\util\Boost</Filter>
    </ClCompile>
    <ClCompile Include="..\..\shared\util\boost\libs\signals\src\signal_base.cpp">
      <Filter>shared\util\Boost</Filter>
    </ClCompile>
    <ClCompile Include="..\..\shared\util\boost\libs\signals\src\slot.cpp">
      <Filter>shared\util\Boost</Filter>
    </ClCompile>
    <ClCompile Include="..\..\shared\util\boost\libs\signals\src\trackable.cpp">
      <Filter>shared\util\Boost</Filter>
    </ClCompile>
    <ClCompile Include="..\..\shared\Manager\Console.cpp">
      <Filter>shared\Manager</Filter>
    </ClCompile>
    <ClCompile Include="..\..\shared\Manager\GameTimer.cpp">
      <Filter>shared\Manager</Filter>
    </ClCompile>
    <ClCompile Include="..\..\shared\Manager\MessageManager.cpp">
      <Filter>shared\Manager</Filter>
    </ClCompile>
    <ClCompile Include="..\..\shared\Manager\ResourceManager.cpp">
      <Filter>shared\Manager</Filter>
    </ClCompile>
    <ClCompile Include="..\..\shared\Manager\VariantDB.cpp">
      <Filter>shared\Manager</Filter>
    </ClCompile>
    <ClCompile Include="..\..\shared\Renderer\RenderBatcher.cpp">
      <Filter>shared\Renderer</Filter>
    </ClCompile>
    <ClCompile Include="..\..\shared\Renderer\RTGLESExt.cpp">
      <Filter>shared\Renderer</Filter>
    </ClCompile>
    <ClCompile Include="..\..\shared\Renderer\SoftSurface.cpp">
      <Filter>shared\Renderer</Filter>
    </ClCompile>
    <ClCompile Include="..\..\shared\Renderer\Surface.cpp">
      <Filter>shared\Renderer</Filter>
    </ClCompile>
    <ClCompile Include="..\..\shared\Renderer\SurfaceAnim.cpp">
      <Filter>shared\Renderer</Filter>
    </ClCompile>
    <ClCompile Include="..\..\shared\GUI\RTFont.cpp">
      <Filter>shared\GUI</Filter>
    </ClCompile>
    <ClCompile Include="..\..\shared\Entity\Component.cpp">
      <Filter>shared\Entity</Filter>
    </ClCompile>
    <ClCompile Include="..\..\shared\Entity\Entity.cpp">
      <Filter>shared\Entity</Filter>
    </ClCompile>
    <ClCompile Include="..\..\shared\Entity\EntityUtils.cpp">
      <Filter>shared\Entity</Filter>
    </ClCompile>
    <ClCompile Include="..\..\shared\Entity\ArcadeInputComponent.cpp">
      <Filter>shared\Entity\Component</Filter>
    </ClCompile>
    <ClCompile Include="..\..\shared\Entity\Button2DComponent.cpp">
      <Filter>shared\Entity\Component</Filter>
    </ClCompile>
    <ClCompile Include="..\..\shared\Entity\CustomInputComponent.cpp">
      <Filter>shared\Entity\Component</Filter>
    </ClCompile>
    <ClCompile Include="..\..\shared\Entity\EmitVirtualKeyComponent.cpp">
      <Filter>shared\Entity\Component</Filter>
    </ClCompile>
    <ClCompile Include="..\..\shared\Entity\EmitVirtualKeyComponentAdvanced.cpp">
      <Filter>shared\Entity\Component</Filter>
    </ClCompile>
    <ClCompile Include="..\..\shared\Entity\FilterComponent.cpp">
      <Filter>shared\Entity\Component</Filter>
    </ClCompile>
    <ClCompile Include="..\..\shared\Entity\FilterInputComponent.cpp">
      <Filter>shared\Entity\Component</Filter>
    </ClCompile>
    <ClCompile Include="..\..\shared\Entity\FocusInputComponent.cpp">
      <Filter>shared\Entity\Component</Filter>
    </ClCompile>
    <ClCompile Include="..\..\shared\Entity\FocusRenderComponent.cpp">
      <Filter>shared\Entity\Component</Filter>
    </ClCompile>
    <ClCompile Include="..\..\shared\Entity\FocusUpdateComponent.cpp">
      <Filter>shared\Entity\Component</Filter>
    </ClCompile>
    <ClCompile Include="..\..\shared\Entity\HTTPComponent.cpp">
      <Filter>shared\Entity\Component</Filter>
    </ClCompile>
    <ClCompile Include="..\..\shared\Entity\InputTextRenderComponent.cpp">
      <Filter>shared\Entity\Component</Filter>
    </ClCompile>
    <ClCompile Include="..\..\shared\Entity\InterpolateComponent.cpp">
      <Filter>shared\Entity\Component</Filter>
    </ClCompile>
    <ClCompile Include="..\..\shared\Entity\OverlayRenderComponent.cpp">
      <Filter>shared\Entity\Component</Filter>
    </ClCompile>
    <ClCompile Include="..\..\shared\Entity\RectRenderComponent.cpp">
      <Filter>shared\Entity\Component</Filter>
    </ClCompile>
    <ClCompile Include="..\..\shared\Entity\RenderScissorComponent.cpp">
      <Filter>shared\Entity\Component</Filter>
    </ClCompile>
    <ClCompile Include="..\..\shared\Entity\ScrollBarRenderComponent.cpp">
      <Filter>shared\Entity\Component</Filter>
    </ClCompile>
    <ClCompile Include="..\..\shared\Entity\ScrollComponent.cpp">
      <Filter>shared\Entity\Component</Filter>
    </ClCompile>
    <ClCompile Include="..\..\shared\Entity\SelectButtonWithCustomInputComponent.cpp">
      <Filter>shared\Entity\Component</Filter>
    </ClCompile>
    <ClCompile Include="..\..\shared\Entity\SliderComponent.cpp">
      <Filter>shared\Entity\Component</Filter>
    </ClCompile>
    <ClCompile Include="..\..\shared\Entity\TextBoxRenderComponent.cpp">
      <Filter>shared\Entity\Component</Filter>
    </ClCompile>
    <ClCompile Include="..\..\shared\Entity\TextRenderComponent.cpp">
      <Filter>shared\Entity\Component</Filter>
    </ClCompile>
    <ClCompile Include="..\..\shared\Entity\TouchHandlerArcadeComponent.cpp">
      <Filter>shared\Entity\Component</Filter>
    </ClCompile>
    <ClCompile Include="..\..\shared\Entity\TouchHandlerComponent.cpp">
      <Filter>shared\Entity\Component</Filter>
    </ClCompile>
    <ClCompile Include="..\..\shared\Entity\TyperComponent.cpp">
      <Filter>shared\Entity\Component</Filter>
    </ClCompile>
    <ClCompile Include="..\..\shared\Entity\UnderlineRenderComponent.cpp">
      <Filter>shared\Entity\Component</Filter>
    </ClCompile>
    <ClCompile Include="..\..\shared\ClanLib-2.0\Sources\Core\Math\angle.cpp">
      <Filter>shared\ClanLib\Core\Math</Filter>
    </ClCompile>
    <ClCompile Include="..\..\shared\ClanLib-2.0\Sources\Core\Math\mat3.cpp">
      <Filter>shared\ClanLib\Core\Math</Filter>
    </ClCompile>
    <ClCompile Include="..\..\shared\ClanLib-2.0\Sources\Core\Math\mat4.cpp">
      <Filter>shared\ClanLib\Core\Math</Filter>
    </ClCompile>
    <ClCompile Include="..\..\shared\ClanLib-2.0\Sources\Core\Math\rect.cpp">
      <Filter>shared\ClanLib\Core\Math</Filter>
    </ClCompile>
    <ClCompile Include="..\..\shared\ClanLib-2.0\Sources\Core\Math\vec2.cpp">
      <Filter>shared\ClanLib\Core\Math</Filter>
    </ClCompile>
    <ClCompile Include="..\..\shared\ClanLib-2.0\Sources\Core\Math\vec3.cpp">
      <Filter>shared\ClanLib\Core\Math</Filter>
    </ClCompile>
    <ClCompile Include="..\..\shared\ClanLib-2.0\Sources\Core\Math\vec4.cpp">
      <Filter>shared\ClanLib\Core\Math</Filter>
    </ClCompile>
    <ClCompile Include="..\..\shared\Audio\AudioManager.cpp">
      <Filter>shared\Audio</Filter>
    </ClCompile>
    <ClCompile Include="..\..\shared\Audio\AudioManagerSDL.cpp">
      <Filter>shared\Audio</Filter>
    </ClCompile>
    <ClCompile Include="..\..\shared\Math\rtPlane.cpp">
      <Filter>shared\Math</Filter>
    </ClCompile>
    <ClCompile Include="..\..\shared\Math\rtRect.cpp">
      <Filter>shared\Math</Filter>
    </ClCompile>
    <ClCompile Include="..\..\shared\WebOS\SDLMain.cpp">
      <Filter>shared\WebOS</Filter>
    </ClCompile>
    <ClCompile Include="..\..\shared\WebOS\WebOSUtils.cpp">
      <Filter>shared\WebOS</Filter>
    </ClCompile>
    <ClCompile Include="..\..\shared\android\AndroidUtils.cpp">
      <Filter>shared\android</Filter>
    </ClCompile>
    <ClCompile Include="..\..\shared\android\v2_src\cpp\AndroidApp.cpp">
      <Filter>shared\android\v2_src</Filter>
    </ClCompile>
    <ClCompile Include="..\..\shared\FileSystem\FileManager.cpp">
      <Filter>shared\FileSystem</Filter>
    </ClCompile>
    <ClCompile Include="..\..\shared\FileSystem\FileSystem.cpp">
      <Filter>shared\FileSystem</Filter>
    </ClCompile>
    <ClCompile Include="..\..\shared\FileSystem\StreamingInstance.cpp">
      <Filter>shared\FileSystem</Filter>
    </ClCompile>
    <ClCompile Include="..\..\shared\FileSystem\StreamingInstanceFile.cpp">
      <Filter>shared\FileSystem</Filter>
    </ClCompile>
    <ClCompile Include="..\..\shared\bbx\bbutil.c">
      <Filter>shared\bbx</Filter>
    </ClCompile>
    <ClCompile Include="..\..\shared\bbx\BBXMain.cpp">
      <Filter>shared\bbx</Filter>
    </ClCompile>
    <ClCompile Include="..\..\shared\bbx\BBXUtils.cpp">
      <Filter>shared\bbx</Filter>
    </ClCompile>
    <ClCompile Include="..\..\shared\flash\FlashUtils.cpp">
      <Filter>shared\flash</Filter>
    </ClCompile>
    <ClCompile Include="..\..\shared\flash\app\cpp\GLFlashAdaptor.cpp">
      <Filter>shared\flash\app\cpp</Filter>
    </ClCompile>
    <ClCompile Include="..\..\shared\flash\app\cpp\main.cpp">
      <Filter>shared\flash\app\cpp</Filter>
    </ClCompile>
    <ClCompile Include="..\..\shared\html5\HTML5Main.cpp">
      <Filter>shared\html5</Filter>
    </ClCompile>
    <ClCompile Include="..\..\shared\html5\HTML5Utils.cpp">
      <Filter>shared\html5</Filter>
    </ClCompile>
    <ClCompile Include="..\..\shared\html5\NetHTTP_HTML5.cpp">
      <Filter>shared\html5</Filter>
    </ClCompile>
    <ClCompile Include="..\..\shared\Network\NetHTTP.cpp">
      <Filter>shared\Network</Filter>
    </ClCompile>
    <ClCompile Include="..\..\shared\Network\NetSocket.cpp">
      <Filter>shared\Network</Filter>
    </ClCompile>
    <ClCompile Include="..\..\shared\Network\NetUtils.cpp">
      <Filter>shared\Network</Filter>
    </ClCompile>
    <ClCompile Include="..\..\shared\Arduboy\ab_logo.c">
      <Filter>shared\Arduboy</Filter>
    </ClCompile>
    <ClCompile Include="..\..\shared\Arduboy\ab_printer.cpp">
      <Filter>shared\Arduboy</Filter>
    </ClCompile>
    <ClCompile Include="..\..\shared\Arduboy\Arduboy.cpp">
      <Filter>shared\Arduboy</Filter>
    </ClCompile>
    <ClCompile Include="..\..\shared\Arduboy\ArduboyPlaytune.cpp">
      <Filter>shared\Arduboy</Filter>
    </ClCompile>
    <ClCompile Include="..\..\shared\Arduboy\glcdfont.c">
      <Filter>shared\Arduboy</Filter>
    </ClCompile>
    <ClCompile Include="..\..\shared\Arduboy\MyEEPROM.cpp">
      <Filter>shared\Arduboy</Filter>
    </ClCompile>
    <ClCompile Include="..\..\shared\Arduboy\Print.cpp">
      <Filter>shared\Arduboy</Filter>
    </ClCompile>
    <ClCompile Include="..\..\shared\Arduboy\WString.cpp">
      <Filter>shared\Arduboy</Filter>
    </ClCompile>
    <ClCompile Include="..\..\shared\Arduboy\core\core.cpp">
      <Filter>shared\Arduboy\core</Filter>
    </ClCompile>
    <ClCompile Include="..\..\shared\Arduboy\audio\audio.cpp">
      <Filter>shared\Arduboy\audio</Filter>
    </ClCompile>
  </ItemGroup>
  <ItemGroup>
    <ClInclude Include="..\source\App.h">
      <Filter>source</Filter>
    </ClInclude>
    <ClInclude Include="..\..\shared\win\app\main.h">
      <Filter>source</Filter>
    </ClInclude>
    <ClInclude Include="..\Arduboy\ardu_main.h">
      <Filter>source\Arduboy</Filter>
    </ClInclude>
    <ClInclude Include="..\Arduboy\breakout_bitmaps.h">
      <Filter>source\Arduboy</Filter>
    </ClInclude>
    <ClInclude Include="..\..\shared\BaseApp.h">
      <Filter>shared</Filter>
    </ClInclude>
    <ClInclude Include="..\..\shared\PlatformEnums.h">
      <Filter>shared</Filter>
    </ClInclude>
    <ClInclude Include="..\..\shared\PlatformPrecomp.h">
      <Filter>shared</Filter>
    </ClInclude>
    <ClInclude Include="..\..\shared\PlatformSetup.h">
      <Filter>shared</Filter>
    </ClInclude>
    <ClInclude Include="..\..\shared\win\MemMgr.h">
      <Filter>shared\win</Filter>
    </ClInclude>
    <ClInclude Include="..\..\shared\win\PlatformSetupWin.h">
      <Filter>shared\win</Filter>
    </ClInclude>
    <ClInclude Include="..\..\shared\win\WinUtils.h">
      <Filter>shared\win</Filter>
    </ClInclude>
    <ClInclude Include="..\..\shared\util\CRandom.h">
      <Filter>shared\util</Filter>
    </ClInclude>
    <ClInclude Include="..\..\shared\win\powerVR\OGLES\Include\GLES\egl.h">
      <Filter>shared\util</Filter>
    </ClInclude>
    <ClInclude Include="..\..\shared\Entity\EntityUtils.h">
      <Filter>shared\util</Filter>
    </ClInclude>
    <ClInclude Include="..\..\shared\win\powerVR\OGLES\Include\GLES\gl.h">
      <Filter>shared\util</Filter>
    </ClInclude>
    <ClInclude Include="..\..\shared\util\GLESUtils.h">
      <Filter>shared\util</Filter>
    </ClInclude>
    <ClInclude Include="..\..\shared\util\MathUtils.h">
      <Filter>shared\util</Filter>
    </ClInclude>
    <ClInclude Include="..\..\shared\util\MiscUtils.h">
      <Filter>shared\util</Filter>
    </ClInclude>
    <ClInclude Include="..\..\shared\util\RenderUtils.h">
      <Filter>shared\util</Filter>
    </ClInclude>
    <ClInclude Include="..\..\shared\util\ResourceUtils.h">
      <Filter>shared\util</Filter>
    </ClInclude>
    <ClInclude Include="..\..\shared\util\RTFileFormat.h">
      <Filter>shared\util</Filter>
    </ClInclude>
    <ClInclude Include="..\..\shared\util\TextScanner.h">
      <Filter>shared\util</Filter>
    </ClInclude>
    <ClInclude Include="..\..\shared\util\Variant.h">
      <Filter>shared\util</Filter>
    </ClInclude>
    <ClInclude Include="..\..\shared\iOS\iOSUtils.h">
      <Filter>shared\iOS</Filter>
    </ClInclude>
    <ClInclude Include="..\..\shared\iOS\PlatformSetupIOS.h">
      <Filter>shared\iOS</Filter>
    </ClInclude>
    <ClInclude Include="..\..\shared\iOS\app\EAGLView.h">
      <Filter>shared\iOS\App</Filter>
    </ClInclude>
    <ClInclude Include="..\..\shared\iOS\app\MyAppDelegate.h">
      <Filter>shared\iOS\App</Filter>
    </ClInclude>
    <ClInclude Include="..\..\shared\iOS\app\MyViewController.h">
      <Filter>shared\iOS\App</Filter>
    </ClInclude>
    <ClInclude Include="..\..\shared\Manager\Console.h">
      <Filter>shared\Manager</Filter>
    </ClInclude>
    <ClInclude Include="..\..\shared\Manager\GameTimer.h">
      <Filter>shared\Manager</Filter>
    </ClInclude>
    <ClInclude Include="..\..\shared\Manager\MessageManager.h">
      <Filter>shared\Manager</Filter>
    </ClInclude>
    <ClInclude Include="..\..\shared\Manager\ResourceManager.h">
      <Filter>shared\Manager</Filter>
    </ClInclude>
    <ClInclude Include="..\..\shared\Manager\VariantDB.h">
      <Filter>shared\Manager</Filter>
    </ClInclude>
    <ClInclude Include="..\..\shared\Renderer\bitmap.h">
      <Filter>shared\Renderer</Filter>
    </ClInclude>
    <ClInclude Include="..\..\shared\Renderer\RenderBatcher.h">
      <Filter>shared\Renderer</Filter>
    </ClInclude>
    <ClInclude Include="..\..\shared\Renderer\RTGLESExt.h">
      <Filter>shared\Renderer</Filter>
    </ClInclude>
    <ClInclude Include="..\..\shared\Renderer\SoftSurface.h">
      <Filter>shared\Renderer</Filter>
    </ClInclude>
    <ClInclude Include="..\..\shared\Renderer\Surface.h">
      <Filter>shared\Renderer</Filter>
    </ClInclude>
    <ClInclude Include="..\..\shared\Renderer\SurfaceAnim.h">
      <Filter>shared\Renderer</Filter>
    </ClInclude>
    <ClInclude Include="..\..\shared\GUI\RTFont.h">
      <Filter>shared\GUI</Filter>
    </ClInclude>
    <ClInclude Include="..\..\shared\GUI\RTFontFileFormat.h">
      <Filter>shared\GUI</Filter>
    </ClInclude>
    <ClInclude Include="..\..\shared\Entity\Component.h">
      <Filter>shared\Entity</Filter>
    </ClInclude>
    <ClInclude Include="..\..\shared\Entity\Entity.h">
      <Filter>shared\Entity</Filter>
    </ClInclude>
    <ClInclude Include="..\..\shared\Entity\ArcadeInputComponent.h">
      <Filter>shared\Entity\Component</Filter>
    </ClInclude>
    <ClInclude Include="..\..\shared\Entity\CustomInputComponent.h">
      <Filter>shared\Entity\Component</Filter>
    </ClInclude>
    <ClInclude Include="..\..\shared\Entity\EmitVirtualKeyComponentAdvanced.h">
      <Filter>shared\Entity\Component</Filter>
    </ClInclude>
    <ClInclude Include="..\..\shared\Entity\FocusInputComponent.h">
      <Filter>shared\Entity\Component</Filter>
    </ClInclude>
    <ClInclude Include="..\..\shared\Entity\TouchHandlerArcadeComponent.h">
      <Filter>shared\Entity\Component</Filter>
    </ClInclude>
    <ClInclude Include="..\..\shared\Entity\TouchHandlerComponent.h">
      <Filter>shared\Entity\Component</Filter>
    </ClInclude>
    <ClInclude Include="..\..\shared\ClanLib-2.0\Sources\API\Core\Text\string16.h">
      <Filter>shared\ClanLib</Filter>
    </ClInclude>
    <ClInclude Include="..\..\shared\ClanLib-2.0\Sources\API\Core\Text\string_data16.h">
      <Filter>shared\ClanLib</Filter>
    </ClInclude>
    <ClInclude Include="..\..\shared\ClanLib-2.0\Sources\API\Core\Text\string_ref16.h">
      <Filter>shared\ClanLib</Filter>
    </ClInclude>
    <ClInclude Include="..\..\shared\ClanLib-2.0\Sources\API\Core\Math\angle.h">
      <Filter>shared\ClanLib\Math</Filter>
    </ClInclude>
    <ClInclude Include="..\..\shared\ClanLib-2.0\Sources\API\Core\Math\mat3.h">
      <Filter>shared\ClanLib\Math</Filter>
    </ClInclude>
    <ClInclude Include="..\..\shared\ClanLib-2.0\Sources\API\Core\Math\mat4.h">
      <Filter>shared\ClanLib\Math</Filter>
    </ClInclude>
    <ClInclude Include="..\..\shared\ClanLib-2.0\Sources\API\Core\Math\rect.h">
      <Filter>shared\ClanLib\Math</Filter>
    </ClInclude>
    <ClInclude Include="..\..\shared\ClanLib-2.0\Sources\API\Core\Math\vec2.h">
      <Filter>shared\ClanLib\Math</Filter>
    </ClInclude>
    <ClInclude Include="..\..\shared\ClanLib-2.0\Sources\API\Core\Math\vec3.h">
      <Filter>shared\ClanLib\Math</Filter>
    </ClInclude>
    <ClInclude Include="..\..\shared\Audio\AudioManager.h">
      <Filter>shared\Audio</Filter>
    </ClInclude>
    <ClInclude Include="..\..\shared\Audio\AudioManagerSDL.h">
      <Filter>shared\Audio</Filter>
    </ClInclude>
    <ClInclude Include="..\..\shared\Math\rtPlane.h">
      <Filter>shared\Math</Filter>
    </ClInclude>
    <ClInclude Include="..\..\shared\Math\rtRect.h">
      <Filter>shared\Math</Filter>
    </ClInclude>
    <ClInclude Include="..\..\shared\WebOS\PlatformSetupWebOS.h">
      <Filter>shared\WebOS</Filter>
    </ClInclude>
    <ClInclude Include="..\..\shared\WebOS\SDLMain.h">
      <Filter>shared\WebOS</Filter>
    </ClInclude>
    <ClInclude Include="..\..\shared\WebOS\WebOSUtils.h">
      <Filter>shared\WebOS</Filter>
    </ClInclude>
    <ClInclude Include="..\..\shared\android\AndroidUtils.h">
      <Filter>shared\android</Filter>
    </ClInclude>
    <ClInclude Include="..\..\shared\android\PlatformSetupAndroid.h">
      <Filter>shared\android</Filter>
    </ClInclude>
    <ClInclude Include="..\..\shared\FileSystem\FileManager.h">
      <Filter>shared\FileSystem</Filter>
    </ClInclude>
    <ClInclude Include="..\..\shared\FileSystem\FileSystem.h">
      <Filter>shared\FileSystem</Filter>
    </ClInclude>
    <ClInclude Include="..\..\shared\FileSystem\StreamingInstance.h">
      <Filter>shared\FileSystem</Filter>
    </ClInclude>
    <ClInclude Include="..\..\shared\FileSystem\StreamingInstanceFile.h">
      <Filter>shared\FileSystem</Filter>
    </ClInclude>
    <ClInclude Include="..\..\shared\OSX\OSXUtils.h">
      <Filter>shared\OSX</Filter>
    </ClInclude>
    <ClInclude Include="..\..\shared\OSX\PlatformSetupOSX.h">
      <Filter>shared\OSX</Filter>
    </ClInclude>
    <ClInclude Include="..\..\shared\OSX\app\MainController.h">
      <Filter>shared\OSX\app</Filter>
    </ClInclude>
    <ClInclude Include="..\..\shared\OSX\app\MyApplication.h">
      <Filter>shared\OSX\app</Filter>
    </ClInclude>
    <ClInclude Include="..\..\shared\OSX\app\MyOpenGLView.h">
      <Filter>shared\OSX\app</Filter>
    </ClInclude>
    <ClInclude Include="..\..\shared\bbx\bbutil.h">
      <Filter>shared\bbx</Filter>
    </ClInclude>
    <ClInclude Include="..\..\shared\bbx\BBXUtils.h">
      <Filter>shared\bbx</Filter>
    </ClInclude>
    <ClInclude Include="..\..\shared\bbx\PlatformSetupBBX.h">
      <Filter>shared\bbx</Filter>
    </ClInclude>
    <ClInclude Include="..\..\shared\flash\FlashUtils.h">
      <Filter>shared\flash</Filter>
    </ClInclude>
    <ClInclude Include="..\..\shared\flash\PlatformSetupFlash.h">
      <Filter>shared\flash</Filter>
    </ClInclude>
    <ClInclude Include="..\..\shared\flash\app\cpp\GLFlashAdaptor.h">
      <Filter>shared\flash\app\cpp</Filter>
    </ClInclude>
    <ClInclude Include="..\..\shared\html5\HTML5Utils.h">
      <Filter>shared\html5</Filter>
    </ClInclude>
    <ClInclude Include="..\..\shared\html5\PlatformSetupHTML5.h">
      <Filter>shared\html5</Filter>
    </ClInclude>
    <ClInclude Include="..\..\shared\Network\NetHTTP.h">
      <Filter>shared\Network</Filter>
    </ClInclude>
    <ClInclude Include="..\..\shared\Network\NetSocket.h">
      <Filter>shared\Network</Filter>
    </ClInclude>
    <ClInclude Include="..\..\shared\Network\NetUtils.h">
      <Filter>shared\Network</Filter>
    </ClInclude>
    <ClInclude Include="..\..\shared\Arduboy\ab_printer.h">
      <Filter>shared\Arduboy</Filter>
    </ClInclude>
    <ClInclude Include="..\..\shared\Arduboy\Arduboy.h">
      <Filter>shared\Arduboy</Filter>
    </ClInclude>
    <ClInclude Include="..\..\shared\Arduboy\ArduboyPlaytune.h">
      <Filter>shared\Arduboy</Filter>
    </ClInclude>
    <ClInclude Include="..\..\shared\Arduboy\Arduino.h">
      <Filter>shared\Arduboy</Filter>
    </ClInclude>
    <ClInclude Include="..\..\shared\Arduboy\MyEEPROM.h">
      <Filter>shared\Arduboy</Filter>
    </ClInclude>
    <ClInclude Include="..\..\shared\Arduboy\pins_arduino.h">
      <Filter>shared\Arduboy</Filter>
    </ClInclude>
    <ClInclude Include="..\..\shared\Arduboy\print.h">
      <Filter>shared\Arduboy</Filter>
    </ClInclude>
    <ClInclude Include="..\..\shared\Arduboy\Printable.h">
      <Filter>shared\Arduboy</Filter>
    </ClInclude>
    <ClInclude Include="..\..\shared\Arduboy\SPI.h">
      <Filter>shared\Arduboy</Filter>
    </ClInclude>
    <ClInclude Include="..\..\shared\Arduboy\wcharacter.h">
      <Filter>shared\Arduboy</Filter>
    </ClInclude>
    <ClInclude Include="..\..\shared\Arduboy\wstring.h">
      <Filter>shared\Arduboy</Filter>
    </ClInclude>
    <ClInclude Include="..\..\shared\Arduboy\core\core.h">
      <Filter>shared\Arduboy\core</Filter>
    </ClInclude>
    <ClInclude Include="..\..\shared\Arduboy\audio\audio.h">
      <Filter>shared\Arduboy\audio</Filter>
    </ClInclude>
  </ItemGroup>
  <ItemGroup>
    <Text Include="..\ArduboySim Readme.txt">
      <Filter>source</Filter>
    </Text>
    <Text Include="..\..\license.txt" />
    <Text Include="..\..\Programmer Readme.txt" />
  </ItemGroup>
  <ItemGroup>
    <None Include="..\Arduboy\Arduboy.ino">
      <Filter>source\Arduboy</Filter>
    </None>
    <None Include="..\html5\build_release.bat">
      <Filter>source\html5</Filter>
    </None>
    <None Include="..\html5\BuildAndUpload.bat">
      <Filter>source\html5</Filter>
    </None>
    <None Include="..\html5\UploadToWebsite.bat">
      <Filter>source\html5</Filter>
    </None>
    <None Include="..\..\shared\iOS\iOSUtils.mm">
      <Filter>shared\iOS</Filter>
    </None>
    <None Include="..\..\shared\iOS\app\EAGLView.mm">
      <Filter>shared\iOS\App</Filter>
    </None>
    <None Include="..\..\shared\iOS\app\main.mm">
      <Filter>shared\iOS\App</Filter>
    </None>
    <None Include="..\..\shared\iOS\app\MyAppDelegate.mm">
      <Filter>shared\iOS\App</Filter>
    </None>
    <None Include="..\..\shared\iOS\app\MyViewController.mm">
      <Filter>shared\iOS\App</Filter>
    </None>
    <None Include="..\..\shared\android\v2_src\java\BillingReceiver.java">
      <Filter>shared\android\v2_src\java</Filter>
    </None>
    <None Include="..\..\shared\android\v2_src\java\BillingService.java">
      <Filter>shared\android\v2_src\java</Filter>
    </None>
    <None Include="..\..\shared\android\v2_src\java\Consts.java">
      <Filter>shared\android\v2_src\java</Filter>
    </None>
    <None Include="..\..\shared\android\v2_src\java\PurchaseObserver.java">
      <Filter>shared\android\v2_src\java</Filter>
    </None>
    <None Include="..\..\shared\android\v2_src\java\ResponseHandler.java">
      <Filter>shared\android\v2_src\java</Filter>
    </None>
    <None Include="..\..\shared\android\v2_src\java\Security.java">
      <Filter>shared\android\v2_src\java</Filter>
    </None>
    <None Include="..\..\shared\android\v2_src\java\SharedActivity.java">
      <Filter>shared\android\v2_src\java</Filter>
    </None>
    <None Include="..\..\shared\android\v2_src\java\SharedMultiTouchInput.java">
      <Filter>shared\android\v2_src\java</Filter>
    </None>
    <None Include="..\..\shared\android\v2_src\java\util\Base64.java">
      <Filter>shared\android\v2_src\java\util</Filter>
    </None>
    <None Include="..\..\shared\android\v2_src\java\util\Base64DecoderException.java">
      <Filter>shared\android\v2_src\java\util</Filter>
    </None>
    <None Include="..\..\shared\OSX\OSXUtils.mm">
      <Filter>shared\OSX</Filter>
    </None>
    <None Include="..\..\shared\OSX\app\main.m">
      <Filter>shared\OSX\app</Filter>
    </None>
    <None Include="..\..\shared\OSX\app\MainController.mm">
      <Filter>shared\OSX\app</Filter>
    </None>
    <None Include="..\..\shared\OSX\app\MyApplication.m">
      <Filter>shared\OSX\app</Filter>
    </None>
    <None Include="..\..\shared\OSX\app\MyOpenGLView.mm">
      <Filter>shared\OSX\app</Filter>
    </None>
    <None Include="..\..\shared\flash\app\flash\Console.as">
      <Filter>shared\flash\app\flash</Filter>
    </None>
    <None Include="..\..\shared\flash\app\flash\com\rtsoft\AudioManager.as">
      <Filter>shared\flash\app\flash\rtsoft</Filter>
    </None>
    <None Include="..\..\shared\flash\app\flash\com\rtsoft\GLES1Adaptor.as">
      <Filter>shared\flash\app\flash\rtsoft</Filter>
    </None>
  </ItemGroup>
</Project>